
Microsoft Visual Studio Solution File, Format Version 12.00
# Visual Studio 15
VisualStudioVersion = 15.0.27110.0
MinimumVisualStudioVersion = 10.0.40219.1
Project("{9A19103F-16F7-4668-BE54-9A1E7A4F7556}") = "RazorPageShop", "RazorPageShop\RazorPageShop.csproj", "{9589F6DA-3A30-4905-BBC1-EA00FE2B97FA}"
EndProject
Project("{9A19103F-16F7-4668-BE54-9A1E7A4F7556}") = "RazorPageShop.Core", "RazorPageShop.Core\RazorPageShop.Core.csproj", "{CE8669A8-2535-417B-85AD-A8E3FB78521C}"
EndProject
Project("{E53339B2-1760-4266-BCC7-CA923CBCF16C}") = "docker-compose", "docker-compose.dcproj", "{A96ECB39-FF57-49D6-91F5-1C61755359B3}"
EndProject
Global
	GlobalSection(SolutionConfigurationPlatforms) = preSolution
		Debug|Any CPU = Debug|Any CPU
		Release|Any CPU = Release|Any CPU
	EndGlobalSection
	GlobalSection(ProjectConfigurationPlatforms) = postSolution
		{9589F6DA-3A30-4905-BBC1-EA00FE2B97FA}.Debug|Any CPU.ActiveCfg = Debug|Any CPU
		{9589F6DA-3A30-4905-BBC1-EA00FE2B97FA}.Debug|Any CPU.Build.0 = Debug|Any CPU
		{9589F6DA-3A30-4905-BBC1-EA00FE2B97FA}.Release|Any CPU.ActiveCfg = Release|Any CPU
		{9589F6DA-3A30-4905-BBC1-EA00FE2B97FA}.Release|Any CPU.Build.0 = Release|Any CPU
		{CE8669A8-2535-417B-85AD-A8E3FB78521C}.Debug|Any CPU.ActiveCfg = Debug|Any CPU
		{CE8669A8-2535-417B-85AD-A8E3FB78521C}.Debug|Any CPU.Build.0 = Debug|Any CPU
		{CE8669A8-2535-417B-85AD-A8E3FB78521C}.Release|Any CPU.ActiveCfg = Release|Any CPU
		{CE8669A8-2535-417B-85AD-A8E3FB78521C}.Release|Any CPU.Build.0 = Release|Any CPU
		{A96ECB39-FF57-49D6-91F5-1C61755359B3}.Debug|Any CPU.ActiveCfg = Debug|Any CPU
		{A96ECB39-FF57-49D6-91F5-1C61755359B3}.Debug|Any CPU.Build.0 = Debug|Any CPU
		{A96ECB39-FF57-49D6-91F5-1C61755359B3}.Release|Any CPU.ActiveCfg = Release|Any CPU
		{A96ECB39-FF57-49D6-91F5-1C61755359B3}.Release|Any CPU.Build.0 = Release|Any CPU
	EndGlobalSection
	GlobalSection(SolutionProperties) = preSolution
		HideSolutionNode = FALSE
	EndGlobalSection
	GlobalSection(ExtensibilityGlobals) = postSolution
		SolutionGuid = {CB319790-D3C1-41AA-A175-6B99AD9136C0}
	EndGlobalSection
EndGlobal
